{
  "name": "OnlineExaminationSystem",
  "lockfileVersion": 2,
  "requires": true,
  "packages": {
    "": {
      "dependencies": {
        "@material/typography": "^11.0.0"
      }
    },
    "node_modules/@material/feature-targeting": {
      "version": "11.0.0",
      "resolved": "https://registry.npmjs.org/@material/feature-targeting/-/feature-targeting-11.0.0.tgz",
      "integrity": "sha512-7/jdaHm7C16Eq02tDQ1iI+giWKgk+QRNWFrmGKzHfXbU604XwY/eSLSiVS8QI01vx9QZ0aO9K84m0yhQQNQQtg==",
      "dependencies": {
        "tslib": "^2.1.0"
      }
    },
    "node_modules/@material/theme": {
      "version": "11.0.0",
      "resolved": "https://registry.npmjs.org/@material/theme/-/theme-11.0.0.tgz",
      "integrity": "sha512-GnQI8sd2wHFD3AvmhpyRaH5o9D5Shobs1xDH4FdRU9+c+FNNqouZMDzyM6UpCX4700DzqvE7l0/1LjzB7ve7Lg==",
      "dependencies": {
        "@material/feature-targeting": "^11.0.0",
        "tslib": "^2.1.0"
      }
    },
    "node_modules/@material/typography": {
      "version": "11.0.0",
      "resolved": "https://registry.npmjs.org/@material/typography/-/typography-11.0.0.tgz",
      "integrity": "sha512-i9IGO/ZsF+YnqC2+PpJapt/8hSXOKFXaqv6B9uUr+iQ8GD4bEFpxm5kChzH918wJpCHvxbTYbnR6buaF9nkjCQ==",
      "dependencies": {
        "@material/feature-targeting": "^11.0.0",
        "@material/theme": "^11.0.0",
        "tslib": "^2.1.0"
      }
    },
    "node_modules/tslib": {
      "version": "2.3.0",
      "resolved": "https://registry.npmjs.org/tslib/-/tslib-2.3.0.tgz",
      "integrity": "sha512-N82ooyxVNm6h1riLCoyS9e3fuJ3AMG2zIZs2Gd1ATcSFjSA23Q0fzjjZeh0jbJvWVDZ0cJT8yaNNaaXHzueNjg=="
    }
  },
  "dependencies": {
    "@material/feature-targeting": {
      "version": "11.0.0",
      "resolved": "https://registry.npmjs.org/@material/feature-targeting/-/feature-targeting-11.0.0.tgz",
      "integrity": "sha512-7/jdaHm7C16Eq02tDQ1iI+giWKgk+QRNWFrmGKzHfXbU604XwY/eSLSiVS8QI01vx9QZ0aO9K84m0yhQQNQQtg==",
      "requires": {
        "tslib": "^2.1.0"
      }
    },
    "@material/theme": {
      "version": "11.0.0",
      "resolved": "https://registry.npmjs.org/@material/theme/-/theme-11.0.0.tgz",
      "integrity": "sha512-GnQI8sd2wHFD3AvmhpyRaH5o9D5Shobs1xDH4FdRU9+c+FNNqouZMDzyM6UpCX4700DzqvE7l0/1LjzB7ve7Lg==",
      "requires": {
        "@material/feature-targeting": "^11.0.0",
        "tslib": "^2.1.0"
      }
    },
    "@material/typography": {
      "version": "11.0.0",
      "resolved": "https://registry.npmjs.org/@material/typography/-/typography-11.0.0.tgz",
      "integrity": "sha512-i9IGO/ZsF+YnqC2+PpJapt/8hSXOKFXaqv6B9uUr+iQ8GD4bEFpxm5kChzH918wJpCHvxbTYbnR6buaF9nkjCQ==",
      "requires": {
        "@material/feature-targeting": "^11.0.0",
        "@material/theme": "^11.0.0",
        "tslib": "^2.1.0"
      }
    },
    "tslib": {
      "version": "2.3.0",
      "resolved": "https://registry.npmjs.org/tslib/-/tslib-2.3.0.tgz",
      "integrity": "sha512-N82ooyxVNm6h1riLCoyS9e3fuJ3AMG2zIZs2Gd1ATcSFjSA23Q0fzjjZeh0jbJvWVDZ0cJT8yaNNaaXHzueNjg=="
    }
  }
}
